
Microsoft Visual Studio Solution File, Format Version 12.00
# Visual Studio Version 16
VisualStudioVersion = 16.0.30114.105
MinimumVisualStudioVersion = 10.0.40219.1
Project("{FAE04EC0-301F-11D3-BF4B-00C04F79EFBC}") = "LeapYear", "LeapYear\LeapYear.csproj", "{71C87644-A359-4CEA-A0CB-00DD14CF98E2}"
EndProject
Project("{FAE04EC0-301F-11D3-BF4B-00C04F79EFBC}") = "LeapYear.Tests", "LeapYear.Tests\LeapYear.Tests.csproj", "{8BA81E53-02A1-4251-ACC2-271D7F4E5ACD}"
EndProject
Global
	GlobalSection(SolutionConfigurationPlatforms) = preSolution
		Debug|Any CPU = Debug|Any CPU
		Debug|x64 = Debug|x64
		Debug|x86 = Debug|x86
		Release|Any CPU = Release|Any CPU
		Release|x64 = Release|x64
		Release|x86 = Release|x86
	EndGlobalSection
	GlobalSection(SolutionProperties) = preSolution
		HideSolutionNode = FALSE
	EndGlobalSection
	GlobalSection(ProjectConfigurationPlatforms) = postSolution
		{71C87644-A359-4CEA-A0CB-00DD14CF98E2}.Debug|Any CPU.ActiveCfg = Debug|Any CPU
		{71C87644-A359-4CEA-A0CB-00DD14CF98E2}.Debug|Any CPU.Build.0 = Debug|Any CPU
		{71C87644-A359-4CEA-A0CB-00DD14CF98E2}.Debug|x64.ActiveCfg = Debug|Any CPU
		{71C87644-A359-4CEA-A0CB-00DD14CF98E2}.Debug|x64.Build.0 = Debug|Any CPU
		{71C87644-A359-4CEA-A0CB-00DD14CF98E2}.Debug|x86.ActiveCfg = Debug|Any CPU
		{71C87644-A359-4CEA-A0CB-00DD14CF98E2}.Debug|x86.Build.0 = Debug|Any CPU
		{71C87644-A359-4CEA-A0CB-00DD14CF98E2}.Release|Any CPU.ActiveCfg = Release|Any CPU
		{71C87644-A359-4CEA-A0CB-00DD14CF98E2}.Release|Any CPU.Build.0 = Release|Any CPU
		{71C87644-A359-4CEA-A0CB-00DD14CF98E2}.Release|x64.ActiveCfg = Release|Any CPU
		{71C87644-A359-4CEA-A0CB-00DD14CF98E2}.Release|x64.Build.0 = Release|Any CPU
		{71C87644-A359-4CEA-A0CB-00DD14CF98E2}.Release|x86.ActiveCfg = Release|Any CPU
		{71C87644-A359-4CEA-A0CB-00DD14CF98E2}.Release|x86.Build.0 = Release|Any CPU
		{8BA81E53-02A1-4251-ACC2-271D7F4E5ACD}.Debug|Any CPU.ActiveCfg = Debug|Any CPU
		{8BA81E53-02A1-4251-ACC2-271D7F4E5ACD}.Debug|Any CPU.Build.0 = Debug|Any CPU
		{8BA81E53-02A1-4251-ACC2-271D7F4E5ACD}.Debug|x64.ActiveCfg = Debug|Any CPU
		{8BA81E53-02A1-4251-ACC2-271D7F4E5ACD}.Debug|x64.Build.0 = Debug|Any CPU
		{8BA81E53-02A1-4251-ACC2-271D7F4E5ACD}.Debug|x86.ActiveCfg = Debug|Any CPU
		{8BA81E53-02A1-4251-ACC2-271D7F4E5ACD}.Debug|x86.Build.0 = Debug|Any CPU
		{8BA81E53-02A1-4251-ACC2-271D7F4E5ACD}.Release|Any CPU.ActiveCfg = Release|Any CPU
		{8BA81E53-02A1-4251-ACC2-271D7F4E5ACD}.Release|Any CPU.Build.0 = Release|Any CPU
		{8BA81E53-02A1-4251-ACC2-271D7F4E5ACD}.Release|x64.ActiveCfg = Release|Any CPU
		{8BA81E53-02A1-4251-ACC2-271D7F4E5ACD}.Release|x64.Build.0 = Release|Any CPU
		{8BA81E53-02A1-4251-ACC2-271D7F4E5ACD}.Release|x86.ActiveCfg = Release|Any CPU
		{8BA81E53-02A1-4251-ACC2-271D7F4E5ACD}.Release|x86.Build.0 = Release|Any CPU
	EndGlobalSection
EndGlobal
